{
  "object": {
    "pins": [
      {
        "package": "RxExpect",
        "repositoryURL": "https://github.com/devxoul/RxExpect.git",
        "state": {
          "branch": null,
          "revision": "cb1ba5377d8d8f9743e26ece6a4d42d11dbd3792",
          "version": "1.0.0"
        }
      },
      {
        "package": "RxSwift",
        "repositoryURL": "https://github.com/ReactiveX/RxSwift.git",
        "state": {
          "branch": null,
          "revision": "61261f2ee97ace3e08713921dd9406669b9debee",
          "version": "4.0.0-rc.0"
        }
      }
    ]
  },
  "version": 1
}
