{
  "object": {
    "pins": [
      {
        "package": "RxExpect",
        "repositoryURL": "https://github.com/devxoul/RxExpect.git",
        "state": {
          "branch": null,
          "revision": "a95c9d1b6f4c43f5041912ed5ecbdcf47b48c9a7",
          "version": "1.2.0"
        }
      },
      {
        "package": "RxSwift",
        "repositoryURL": "https://github.com/ReactiveX/RxSwift.git",
        "state": {
          "branch": null,
          "revision": "0df62b4d562f8620d4b795b18e4adf0b631527a1",
          "version": "4.3.1"
        }
      }
    ]
  },
  "version": 1
}
